{
  "lockfileVersion": 1,
  "configVersion": 1,
  "workspaces": {
    "": {
      "dependencies": {
        "@noble/curves": "2.0.1",
        "@noble/hashes": "2.0.1",
        "@noble/secp256k1": "3.0.0",
        "@preact/signals": "2.5.1",
        "@scure/base": "2.0.0",
        "@scure/bip32": "2.0.1",
        "@scure/bip39": "2.0.1",
        "@zoltu/ethereum-ledger": "3.0.1",
        "funtypes": "5.1.2",
        "micro-eth-signer": "0.18.1",
        "micro-packed": "0.8.0",
        "preact": "10.28.1",
      },
      "devDependencies": {
        "@types/bun": "1.3.14",
        "@zoltu/file-copier": "3.0.0",
        "better-typescript-lib": "2.12.0",
        "typescript": "5.9.3",
      },
    },
  },
  "packages": {
    "@noble/curves": ["@noble/curves@2.0.1", "", { "dependencies": { "@noble/hashes": "2.0.1" } }, "sha512-vs1Az2OOTBiP4q0pwjW5aF0xp9n4MxVrmkFBxc6EKZc6ddYx5gaZiAsZoq0uRRXWbi3AT/sBqn05eRPtn1JCPw=="],

    "@noble/hashes": ["@noble/hashes@2.0.1", "", {}, "sha512-XlOlEbQcE9fmuXxrVTXCTlG2nlRXa9Rj3rr5Ue/+tX+nmkgbX720YHh0VR3hBF9xDvwnb8D2shVGOwNx+ulArw=="],

    "@noble/secp256k1": ["@noble/secp256k1@3.0.0", "", {}, "sha512-NJBaR352KyIvj3t6sgT/+7xrNyF9Xk9QlLSIqUGVUYlsnDTAUqY8LOmwpcgEx4AMJXRITQ5XEVHD+mMaPfr3mg=="],

    "@preact/signals": ["@preact/signals@2.5.1", "", { "dependencies": { "@preact/signals-core": "^1.12.0" }, "peerDependencies": { "preact": ">= 10.25.0 || >=11.0.0-0" } }, "sha512-VPjk5YFt7i11Fi4UK0tzaEe5xLwfhUxXL3l89ocxQ5aPz7bRo8M5+N73LjBMPklyXKYKz6YsNo4Smp8n6nplng=="],

    "@preact/signals-core": ["@preact/signals-core@1.14.4", "", {}, "sha512-HNB6HYeYKhQbJ1aKl+YRjrS4+QWHLKX6qKoUsfS/m0vqzsVaEBiZiaKbG/e+NKk2ch5ALQr/ihWaMHxiCuuWHA=="],

    "@scure/base": ["@scure/base@2.0.0", "", {}, "sha512-3E1kpuZginKkek01ovG8krQ0Z44E3DHPjc5S2rjJw9lZn3KSQOs8S7wqikF/AH7iRanHypj85uGyxk0XAyC37w=="],

    "@scure/bip32": ["@scure/bip32@2.0.1", "", { "dependencies": { "@noble/curves": "2.0.1", "@noble/hashes": "2.0.1", "@scure/base": "2.0.0" } }, "sha512-4Md1NI5BzoVP+bhyJaY3K6yMesEFzNS1sE/cP+9nuvE7p/b0kx9XbpDHHFl8dHtufcbdHRUUQdRqLIPHN/s7yA=="],

    "@scure/bip39": ["@scure/bip39@2.0.1", "", { "dependencies": { "@noble/hashes": "2.0.1", "@scure/base": "2.0.0" } }, "sha512-PsxdFj/d2AcJcZDX1FXN3dDgitDDTmwf78rKZq1a6c1P1Nan1X/Sxc7667zU3U+AN60g7SxxP0YCVw2H/hBycg=="],

    "@types/bun": ["@types/bun@1.3.14", "", { "dependencies": { "bun-types": "1.3.14" } }, "sha512-h1hFqFVcvAvD9j9K7ZW7vd82aSA+rTdznZa+5bwvCwqSB1jmmfLcbIWhOLx1/+boy/xmjgCs/OMUL8hRJSmnPw=="],

    "@types/node": ["@types/node@26.4.0", "", { "dependencies": { "undici-types": "~8.3.0" } }, "sha512-faiGnoIrLH/V8cibOMEAZ8pMw6oXqSukl29ra4mN8GdaB2ZewzeaLj+INpV5N+Z1eKWzY+IzaIZH2EIR6YZRNQ=="],

    "@typescript/lib-decorators": ["@better-typescript-lib/decorators@2.12.0", "", { "peerDependencies": { "typescript": ">=4.5.2" } }, "sha512-/m9Q5Xk66ThUJidTsxmXJH0+49iCLl5PFmue0HkNSGrcPU96oaoKNY5sH1AslwA/OWVvBg3hE58ZwSGm6TQFuQ=="],

    "@typescript/lib-dom": ["@better-typescript-lib/dom@2.12.0", "", { "peerDependencies": { "typescript": ">=4.5.2" } }, "sha512-via7EW6RKBeUcE9JBS3lNoQeCfghGZoRhBMXOsgOyvBskTdP45MUi6hM7RZMYbTcOh2tzg3j70uhe+1MajCJXw=="],

    "@typescript/lib-es2015": ["@better-typescript-lib/es2015@2.12.0", "", { "peerDependencies": { "typescript": ">=4.5.2" } }, "sha512-woXTAKb6yUSdy8hm2NQPnvvE0PVQeFLp1rfHrwHlFF/5vG9EjltI9+jdaSN2jtS5sW8SeSQiKCtIZ/AYK/YxQA=="],

    "@typescript/lib-es2016": ["@better-typescript-lib/es2016@2.12.0", "", { "peerDependencies": { "typescript": ">=4.5.2" } }, "sha512-8V5jFi+qpJbop+xdSEX7PtA6KxUzNXxoN3Lt5MrUB3TLpb/vh6uzphQmYULnkcn1ScdXTzbpHwG4rdNFY36wTA=="],

    "@typescript/lib-es2017": ["@better-typescript-lib/es2017@2.12.0", "", { "peerDependencies": { "typescript": ">=4.5.2" } }, "sha512-iCUQOIylZwFt+NrkH0LTYzc+LmqRpLkDGLR7zvZs4PlgjONjyYcbyYar2LVbX3XcBsnx7vVW7andI4+aXb+AZQ=="],

    "@typescript/lib-es2018": ["@better-typescript-lib/es2018@2.12.0", "", { "peerDependencies": { "typescript": ">=4.5.2" } }, "sha512-mch+ACDNKYI8rKBM2AeebejyoI0cK3lpmc7m1yMoPzDOronjGk5sLYryCheLWXeMhUguO13tN5RnlJDyhV1E1A=="],

    "@typescript/lib-es2019": ["@better-typescript-lib/es2019@2.12.0", "", { "peerDependencies": { "typescript": ">=4.5.2" } }, "sha512-x/+BqehInEYoILfItuHXJdX6hLEOHAUhNlN/x99uN48o6HCKi4teoOaUWlxclcPeS2LmlE4RLzXUylEvd+DPtQ=="],

    "@typescript/lib-es2020": ["@better-typescript-lib/es2020@2.12.0", "", { "peerDependencies": { "typescript": ">=4.5.2" } }, "sha512-Kc5OPXfLwYnkS+Oa4h8+iPYNdktxMvOum/cW/5WHU4UTtgmShceahbc/9dDsp04fvgTGiT47KHEMuxQYdbx/mQ=="],

    "@typescript/lib-es2021": ["@better-typescript-lib/es2021@2.12.0", "", { "peerDependencies": { "typescript": ">=4.5.2" } }, "sha512-oc9FxQuHPLYoiNPo0oAAm5PRQEuoLJ39BI1e2jaPLfC1zdc5QbMk517NfKmNb4enlUGKoOhC3uSrpS/OjkSPWw=="],

    "@typescript/lib-es2022": ["@better-typescript-lib/es2022@2.12.0", "", { "peerDependencies": { "typescript": ">=4.5.2" } }, "sha512-MnqVGp9hmwnCDXv7O8V50rynt+4CU9fPTx2EJ39r0PibzW1dKT7bLdlFNS0+hDFLkJZlV2kgoctP3e5wEBLu7w=="],

    "@typescript/lib-es2023": ["@better-typescript-lib/es2023@2.12.0", "", { "peerDependencies": { "typescript": ">=4.5.2" } }, "sha512-rB7pbtaxNy9ReKV22lfXfXCfQFCdtxbas+oxcjiTNRYkCcSgc5B3nA3v+NQcbNk1MukhnQca7bmw2tqvKaV8OQ=="],

    "@typescript/lib-es2024": ["@better-typescript-lib/es2024@2.12.0", "", { "peerDependencies": { "typescript": ">=4.5.2" } }, "sha512-zNCgAaV0hFW1SNeEfvjO7EX35w+Ja16PRP4TFL7ZyENcs93mghQEH9l437Pixya+sG3a2m7GbkFjzv+Z6Bkf5w=="],

    "@typescript/lib-es5": ["@better-typescript-lib/es5@2.12.0", "", { "peerDependencies": { "typescript": ">=4.5.2" } }, "sha512-TueHgCcwn6QX8MFzC/kx6p7Y9AJUDIwsRz4klOSxGU3l0oUnqSv0uYOrZuLOldeVuVHHfKHKP11I5ELVmWQSNg=="],

    "@typescript/lib-es6": ["@better-typescript-lib/es6@2.12.0", "", { "peerDependencies": { "typescript": ">=4.5.2" } }, "sha512-zBPoQsg5a1pc2Um5udWadmJRPtH3wR6Z7PMk4q1vQnAn5N3RyzKcvFvNqiQWQXIl0ptSaKN4IVxMzJ+OKi9dUg=="],

    "@typescript/lib-esnext": ["@better-typescript-lib/esnext@2.12.0", "", { "peerDependencies": { "typescript": ">=4.5.2" } }, "sha512-fOBovlfESsE6bHG8ITAvW3o5qQztryc+8onzRRpDS8gZCOjWX7eNoeM8FlMHplEgWfL0FknKh/o1y7xDXRYhLA=="],

    "@typescript/lib-scripthost": ["@better-typescript-lib/scripthost@2.12.0", "", { "peerDependencies": { "typescript": ">=4.5.2" } }, "sha512-B5Fz5HARk9G7ntuRawvT+VMwdhN/+OUIuBRW+7IBq3Jk8lzwu53aLSmKK38suGpPikfVhaC1EmA8nPcgHFMlCQ=="],

    "@typescript/lib-webworker": ["@better-typescript-lib/webworker@2.12.0", "", { "peerDependencies": { "typescript": ">=4.5.2" } }, "sha512-YktWJCUYdrRORhd4NgnPZCEzElDglPZzVnfkxGNmEhPpFE1W6ThKDQqkvMZapf3T+0xGeDqJx9V4xhFNnv56Xw=="],

    "@zoltu/ethereum-ledger": ["@zoltu/ethereum-ledger@3.0.1", "", {}, "sha512-gRXRtHSUAwbD0QKJNZV+i5MXa9v/AVdHZyvZQGIufj5cE5+aTB9VHcuTlryaB7E0dOwdxwvo3/4EuU6Jph7QYA=="],

    "@zoltu/file-copier": ["@zoltu/file-copier@3.0.0", "", {}, "sha512-foCy+pdL3sHBL0yrv8KCYcHnidii4kbE1xS52xXevyHFBAhRZKeX9qcCfRLIDDeHSYKB94vDeastE7fo3lwQFw=="],

    "better-typescript-lib": ["better-typescript-lib@2.12.0", "", { "dependencies": { "@typescript/lib-decorators": "npm:@better-typescript-lib/decorators@2.12.0", "@typescript/lib-dom": "npm:@better-typescript-lib/dom@2.12.0", "@typescript/lib-es2015": "npm:@better-typescript-lib/es2015@2.12.0", "@typescript/lib-es2016": "npm:@better-typescript-lib/es2016@2.12.0", "@typescript/lib-es2017": "npm:@better-typescript-lib/es2017@2.12.0", "@typescript/lib-es2018": "npm:@better-typescript-lib/es2018@2.12.0", "@typescript/lib-es2019": "npm:@better-typescript-lib/es2019@2.12.0", "@typescript/lib-es2020": "npm:@better-typescript-lib/es2020@2.12.0", "@typescript/lib-es2021": "npm:@better-typescript-lib/es2021@2.12.0", "@typescript/lib-es2022": "npm:@better-typescript-lib/es2022@2.12.0", "@typescript/lib-es2023": "npm:@better-typescript-lib/es2023@2.12.0", "@typescript/lib-es2024": "npm:@better-typescript-lib/es2024@2.12.0", "@typescript/lib-es5": "npm:@better-typescript-lib/es5@2.12.0", "@typescript/lib-es6": "npm:@better-typescript-lib/es6@2.12.0", "@typescript/lib-esnext": "npm:@better-typescript-lib/esnext@2.12.0", "@typescript/lib-scripthost": "npm:@better-typescript-lib/scripthost@2.12.0", "@typescript/lib-webworker": "npm:@better-typescript-lib/webworker@2.12.0" }, "peerDependencies": { "typescript": ">=4.5.2" } }, "sha512-f7eO5Xs6Cczfx5eDRuDw/JYCrsdiC6gXdleB2KFZ5ZYgU/RRoev9swjt/eD0xo9PRDqNDwyjKx0n27CDHRZwvQ=="],

    "bun-types": ["bun-types@1.3.14", "", { "dependencies": { "@types/node": "*" } }, "sha512-4N0ig0fEomHt5R0KCFWjovxow98rIoRwKolrYdCcknNwMekCXRnWEUvgu5soYV8QXtVsrUD8B95MBOZGPvr6KQ=="],

    "funtypes": ["funtypes@5.1.2", "", {}, "sha512-MTqnbql1Gt3WJ1YneSYeIQofoHO6Y0o7vAdxxKkzIvAA0E+QAYOf7YwmRDZdj4V1pCd3tDEvKwt6Ksefu4iCfA=="],

    "micro-eth-signer": ["micro-eth-signer@0.18.1", "", { "dependencies": { "@noble/curves": "^2.0.0", "@noble/hashes": "^2.0.0", "micro-packed": "^0.8.0" } }, "sha512-vXKhCZxrytpl+dXR9JeaE41ZVFndi7wCKc1Jd22smOMAeDErvRcXaTxhYUf1yQxis4n2kIdv/pH7iuf+5/cj+Q=="],

    "micro-packed": ["micro-packed@0.8.0", "", { "dependencies": { "@scure/base": "2.0.0" } }, "sha512-AKb8znIvg9sooythbXzyFeChEY0SkW0C6iXECpy/ls0e5BtwXO45J9wD9SLzBztnS4XmF/5kwZknsq+jyynd/A=="],

    "preact": ["preact@10.28.1", "", {}, "sha512-u1/ixq/lVQI0CakKNvLDEcW5zfCjUQfZdK9qqWuIJtsezuyG6pk9TWj75GMuI/EzRSZB/VAE43sNWWZfiy8psw=="],

    "typescript": ["typescript@5.9.3", "", { "bin": { "tsc": "bin/tsc", "tsserver": "bin/tsserver" } }, "sha512-jl1vZzPDinLr9eUt3J/t7V6FgNEw9QjvBPdysz9KfQDD41fQrC2Y4vKQdiaUpFT4bXlb1RHhLpp8wtm6M5TgSw=="],

    "undici-types": ["undici-types@8.3.0", "", {}, "sha512-j375ScV60dom+YkPFIfTLcOiPxkN/buHz5GobjLhixFuANaNs3C9l4GmrWqejgXWJ7BbJcFYpTEUkS1Ge8bpZQ=="],
  }
}
