{
	"name": "ethereum-toolbox-ui",
	"lockfileVersion": 2,
	"requires": true,
	"packages": {
		"": {
			"license": "Unlicense",
			"dependencies": {
				"@noble/hashes": "1.1.5",
				"@preact/signals": "1.1.3",
				"@zoltu/secp256k1": "1.7.1-beta",
				"funtypes": "5.0.3",
				"micro-web3": "0.1.2",
				"preact": "10.11.3"
			},
			"devDependencies": {
				"typescript": "4.9.4"
			}
		},
		"node_modules/@noble/hashes": {
			"version": "1.1.5",
			"resolved": "https://registry.npmjs.org/@noble/hashes/-/hashes-1.1.5.tgz",
			"integrity": "sha512-LTMZiiLc+V4v1Yi16TD6aX2gmtKszNye0pQgbaLqkvhIqP7nVsSaJsWloGQjJfJ8offaoP5GtX3yY5swbcJxxQ==",
			"funding": [
				{
					"type": "individual",
					"url": "https://paulmillr.com/funding/"
				}
			]
		},
		"node_modules/@preact/signals": {
			"version": "1.1.3",
			"resolved": "https://registry.npmjs.org/@preact/signals/-/signals-1.1.3.tgz",
			"integrity": "sha512-N09DuAVvc90bBZVRwD+aFhtGyHAmJLhS3IFoawO/bYJRcil4k83nBOchpCEoS0s5+BXBpahgp0Mjf+IOqP57Og==",
			"dependencies": {
				"@preact/signals-core": "^1.2.3"
			},
			"funding": {
				"type": "opencollective",
				"url": "https://opencollective.com/preact"
			},
			"peerDependencies": {
				"preact": "10.x"
			}
		},
		"node_modules/@preact/signals-core": {
			"version": "1.2.3",
			"resolved": "https://registry.npmjs.org/@preact/signals-core/-/signals-core-1.2.3.tgz",
			"integrity": "sha512-Kui4p7PMcEQevBgsTO0JBo3gyQ88Q3qzEvsVCuSp11t0JcN4DmGCTJcGRVSCq7Bn7lGxJBO+57jNSzDoDJ+QmA==",
			"funding": {
				"type": "opencollective",
				"url": "https://opencollective.com/preact"
			}
		},
		"node_modules/@scure/base": {
			"version": "1.1.1",
			"resolved": "https://registry.npmjs.org/@scure/base/-/base-1.1.1.tgz",
			"integrity": "sha512-ZxOhsSyxYwLJj3pLZCefNitxsj093tb2vq90mp2txoYeBqbcjDjqFhyM8eUjq/uFm6zJ+mUuqxlS2FkuSY1MTA==",
			"funding": [
				{
					"type": "individual",
					"url": "https://paulmillr.com/funding/"
				}
			]
		},
		"node_modules/@zoltu/secp256k1": {
			"version": "1.7.1-beta",
			"resolved": "https://registry.npmjs.org/@zoltu/secp256k1/-/secp256k1-1.7.1-beta.tgz",
			"integrity": "sha512-idMNbDAKnGyi6Sea4UdRY5g//nVSIOgFY/9yGcnoze0rBs1ECqFcNgFLfgOtDIQUS2Mxmu3TSwqoK9Obb6qHZA==",
			"funding": [
				{
					"type": "individual",
					"url": "https://paulmillr.com/funding/"
				}
			]
		},
		"node_modules/funtypes": {
			"version": "5.0.3",
			"resolved": "https://registry.npmjs.org/funtypes/-/funtypes-5.0.3.tgz",
			"integrity": "sha512-8BYH+AEBVvYKL6tRDyD9W8MYi8uvaZ9QrqepPP8hu8IfOzsrVyf08MYKWGc2h8fCDrOVqBhoeOykT8xfHSu55Q=="
		},
		"node_modules/micro-packed": {
			"version": "0.3.1",
			"resolved": "https://registry.npmjs.org/micro-packed/-/micro-packed-0.3.1.tgz",
			"integrity": "sha512-GOTor/Cdd094XYPDOsNQU6qJfki9H+A8yn8VI2thIG3GRizmuw+cTInajiG8YZ7j8m6Ev7PyJOUeRd70rQf5vA==",
			"funding": [
				{
					"type": "individual",
					"url": "https://paulmillr.com/funding/"
				}
			],
			"dependencies": {
				"@scure/base": "~1.1.1"
			}
		},
		"node_modules/micro-web3": {
			"version": "0.1.2",
			"resolved": "https://registry.npmjs.org/micro-web3/-/micro-web3-0.1.2.tgz",
			"integrity": "sha512-acx6tpS7/cG278bt13yRGZRzvNFfz/btTLB7PYt3EEY+o2PCcOUvu023EVO9yA4mUHgpB/9nA7SstcGLpfZG/w==",
			"funding": [
				{
					"type": "individual",
					"url": "https://paulmillr.com/funding/"
				}
			],
			"dependencies": {
				"@noble/hashes": "~1.1.1",
				"@scure/base": "~1.1.0",
				"micro-packed": "~0.3.0"
			}
		},
		"node_modules/preact": {
			"version": "10.11.3",
			"resolved": "https://registry.npmjs.org/preact/-/preact-10.11.3.tgz",
			"integrity": "sha512-eY93IVpod/zG3uMF22Unl8h9KkrcKIRs2EGar8hwLZZDU1lkjph303V9HZBwufh2s736U6VXuhD109LYqPoffg==",
			"funding": {
				"type": "opencollective",
				"url": "https://opencollective.com/preact"
			}
		},
		"node_modules/typescript": {
			"version": "4.9.4",
			"resolved": "https://registry.npmjs.org/typescript/-/typescript-4.9.4.tgz",
			"integrity": "sha512-Uz+dTXYzxXXbsFpM86Wh3dKCxrQqUcVMxwU54orwlJjOpO3ao8L7j5lH+dWfTwgCwIuM9GQ2kvVotzYJMXTBZg==",
			"dev": true,
			"bin": {
				"tsc": "bin/tsc",
				"tsserver": "bin/tsserver"
			},
			"engines": {
				"node": ">=4.2.0"
			}
		}
	},
	"dependencies": {
		"@noble/hashes": {
			"version": "1.1.5",
			"resolved": "https://registry.npmjs.org/@noble/hashes/-/hashes-1.1.5.tgz",
			"integrity": "sha512-LTMZiiLc+V4v1Yi16TD6aX2gmtKszNye0pQgbaLqkvhIqP7nVsSaJsWloGQjJfJ8offaoP5GtX3yY5swbcJxxQ=="
		},
		"@preact/signals": {
			"version": "1.1.3",
			"resolved": "https://registry.npmjs.org/@preact/signals/-/signals-1.1.3.tgz",
			"integrity": "sha512-N09DuAVvc90bBZVRwD+aFhtGyHAmJLhS3IFoawO/bYJRcil4k83nBOchpCEoS0s5+BXBpahgp0Mjf+IOqP57Og==",
			"requires": {
				"@preact/signals-core": "^1.2.3"
			}
		},
		"@preact/signals-core": {
			"version": "1.2.3",
			"resolved": "https://registry.npmjs.org/@preact/signals-core/-/signals-core-1.2.3.tgz",
			"integrity": "sha512-Kui4p7PMcEQevBgsTO0JBo3gyQ88Q3qzEvsVCuSp11t0JcN4DmGCTJcGRVSCq7Bn7lGxJBO+57jNSzDoDJ+QmA=="
		},
		"@scure/base": {
			"version": "1.1.1",
			"resolved": "https://registry.npmjs.org/@scure/base/-/base-1.1.1.tgz",
			"integrity": "sha512-ZxOhsSyxYwLJj3pLZCefNitxsj093tb2vq90mp2txoYeBqbcjDjqFhyM8eUjq/uFm6zJ+mUuqxlS2FkuSY1MTA=="
		},
		"@zoltu/secp256k1": {
			"version": "1.7.1-beta",
			"resolved": "https://registry.npmjs.org/@zoltu/secp256k1/-/secp256k1-1.7.1-beta.tgz",
			"integrity": "sha512-idMNbDAKnGyi6Sea4UdRY5g//nVSIOgFY/9yGcnoze0rBs1ECqFcNgFLfgOtDIQUS2Mxmu3TSwqoK9Obb6qHZA=="
		},
		"funtypes": {
			"version": "5.0.3",
			"resolved": "https://registry.npmjs.org/funtypes/-/funtypes-5.0.3.tgz",
			"integrity": "sha512-8BYH+AEBVvYKL6tRDyD9W8MYi8uvaZ9QrqepPP8hu8IfOzsrVyf08MYKWGc2h8fCDrOVqBhoeOykT8xfHSu55Q=="
		},
		"micro-packed": {
			"version": "0.3.1",
			"resolved": "https://registry.npmjs.org/micro-packed/-/micro-packed-0.3.1.tgz",
			"integrity": "sha512-GOTor/Cdd094XYPDOsNQU6qJfki9H+A8yn8VI2thIG3GRizmuw+cTInajiG8YZ7j8m6Ev7PyJOUeRd70rQf5vA==",
			"requires": {
				"@scure/base": "~1.1.1"
			}
		},
		"micro-web3": {
			"version": "0.1.2",
			"resolved": "https://registry.npmjs.org/micro-web3/-/micro-web3-0.1.2.tgz",
			"integrity": "sha512-acx6tpS7/cG278bt13yRGZRzvNFfz/btTLB7PYt3EEY+o2PCcOUvu023EVO9yA4mUHgpB/9nA7SstcGLpfZG/w==",
			"requires": {
				"@noble/hashes": "~1.1.1",
				"@scure/base": "~1.1.0",
				"micro-packed": "~0.3.0"
			}
		},
		"preact": {
			"version": "10.11.3",
			"resolved": "https://registry.npmjs.org/preact/-/preact-10.11.3.tgz",
			"integrity": "sha512-eY93IVpod/zG3uMF22Unl8h9KkrcKIRs2EGar8hwLZZDU1lkjph303V9HZBwufh2s736U6VXuhD109LYqPoffg=="
		},
		"typescript": {
			"version": "4.9.4",
			"resolved": "https://registry.npmjs.org/typescript/-/typescript-4.9.4.tgz",
			"integrity": "sha512-Uz+dTXYzxXXbsFpM86Wh3dKCxrQqUcVMxwU54orwlJjOpO3ao8L7j5lH+dWfTwgCwIuM9GQ2kvVotzYJMXTBZg==",
			"dev": true
		}
	}
}
